# This file is automatically @generated by Cargo.
# It is not intended for manual editing.
version = 3

[[package]]
name = "autocfg"
version = "1.0.1"
source = "registry+https://github.com/rust-lang/crates.io-index"
checksum = "cdb031dd78e28731d87d56cc8ffef4a8f36ca26c38fe2de700543e627f8a464a"

[[package]]
name = "bitflags"
version = "1.3.2"
source = "registry+https://github.com/rust-lang/crates.io-index"
checksum = "bef38d45163c2f1dde094a7dfd33ccf595c92905c8f8f4fdc18d06fb1037718a"

[[package]]
name = "byteorder"
version = "1.4.3"
source = "registry+https://github.com/rust-lang/crates.io-index"
checksum = "14c189c53d098945499cdfa7ecc63567cf3886b3332b312a5b4585d8d3a6a610"

[[package]]
name = "cfg-if"
version = "1.0.0"
source = "registry+https://github.com/rust-lang/crates.io-index"
checksum = "baf1de4339761588bc0619e3cbc0120ee582ebb74b53b4efbf79117bd2da40fd"

[[package]]
name = "crc32fast"
version = "1.3.1"
source = "registry+https://github.com/rust-lang/crates.io-index"
checksum = "a2209c310e29876f7f0b2721e7e26b84aff178aa3da5d091f9bfbf47669e60e3"
dependencies = [
 "cfg-if",
]

[[package]]
name = "crossbeam-epoch"
version = "0.9.6"
source = "registry+https://github.com/rust-lang/crates.io-index"
checksum = "97242a70df9b89a65d0b6df3c4bf5b9ce03c5b7309019777fbde37e7537f8762"
dependencies = [
 "cfg-if",
 "crossbeam-utils",
 "lazy_static",
 "memoffset",
 "scopeguard",
]

[[package]]
name = "crossbeam-utils"
version = "0.8.6"
source = "registry+https://github.com/rust-lang/crates.io-index"
checksum = "cfcae03edb34f947e64acdb1c33ec169824e20657e9ecb61cef6c8c74dcb8120"
dependencies = [
 "cfg-if",
 "lazy_static",
]

[[package]]
name = "fs2"
version = "0.4.3"
source = "registry+https://github.com/rust-lang/crates.io-index"
checksum = "9564fc758e15025b46aa6643b1b77d047d1a56a1aea6e01002ac0c7026876213"
dependencies = [
 "libc",
 "winapi",
]

[[package]]
name = "fxhash"
version = "0.2.1"
source = "registry+https://github.com/rust-lang/crates.io-index"
checksum = "c31b6d751ae2c7f11320402d34e41349dd1016f8d5d45e48c4312bc8625af50c"
dependencies = [
 "byteorder",
]

[[package]]
name = "ilo"
version = "0.1.0"
dependencies = [
 "sled",
 "uuid",
]

[[package]]
name = "instant"
version = "0.1.12"
source = "registry+https://github.com/rust-lang/crates.io-index"
checksum = "7a5bbe824c507c5da5956355e86a746d82e0e1464f65d862cc5e71da70e94b2c"
dependencies = [
 "cfg-if",
]

[[package]]
name = "lazy_static"
version = "1.4.0"
source = "registry+https://github.com/rust-lang/crates.io-index"
checksum = "e2abad23fbc42b3700f2f279844dc832adb2b2eb069b2df918f455c4e18cc646"

[[package]]
name = "libc"
version = "0.2.116"
source = "registry+https://github.com/rust-lang/crates.io-index"
checksum = "565dbd88872dbe4cc8a46e527f26483c1d1f7afa6b884a3bd6cd893d4f98da74"

[[package]]
name = "lock_api"
version = "0.4.6"
source = "registry+https://github.com/rust-lang/crates.io-index"
checksum = "88943dd7ef4a2e5a4bfa2753aaab3013e34ce2533d1996fb18ef591e315e2b3b"
dependencies = [
 "scopeguard",
]

[[package]]
name = "log"
version = "0.4.14"
source = "registry+https://github.com/rust-lang/crates.io-index"
checksum = "51b9bbe6c47d51fc3e1a9b945965946b4c44142ab8792c50835a980d362c2710"
dependencies = [
 "cfg-if",
]

[[package]]
name = "memoffset"
version = "0.6.5"
source = "registry+https://github.com/rust-lang/crates.io-index"
checksum = "5aa361d4faea93603064a027415f07bd8e1d5c88c9fbf68bf56a285428fd79ce"
dependencies = [
 "autocfg",
]

[[package]]
name = "parking_lot"
version = "0.11.2"
source = "registry+https://github.com/rust-lang/crates.io-index"
checksum = "7d17b78036a60663b797adeaee46f5c9dfebb86948d1255007a1d6be0271ff99"
dependencies = [
 "instant",
 "lock_api",
 "parking_lot_core",
]

[[package]]
name = "parking_lot_core"
version = "0.8.5"
source = "registry+https://github.com/rust-lang/crates.io-index"
checksum = "d76e8e1493bcac0d2766c42737f34458f1c8c50c0d23bcb24ea953affb273216"
dependencies = [
 "cfg-if",
 "instant",
 "libc",
 "redox_syscall",
 "smallvec",
 "winapi",
]

[[package]]
name = "redox_syscall"
version = "0.2.10"
source = "registry+https://github.com/rust-lang/crates.io-index"
checksum = "8383f39639269cde97d255a32bdb68c047337295414940c68bdd30c2e13203ff"
dependencies = [
 "bitflags",
]

[[package]]
name = "scopeguard"
version = "1.1.0"
source = "registry+https://github.com/rust-lang/crates.io-index"
checksum = "d29ab0c6d3fc0ee92fe66e2d99f700eab17a8d57d1c1d3b748380fb20baa78cd"

[[package]]
name = "serde"
version = "1.0.136"
source = "registry+https://github.com/rust-lang/crates.io-index"
checksum = "ce31e24b01e1e524df96f1c2fdd054405f8d7376249a5110886fb4b658484789"

[[package]]
name = "sha1"
version = "0.6.1"
source = "registry+https://github.com/rust-lang/crates.io-index"
checksum = "c1da05c97445caa12d05e848c4a4fcbbea29e748ac28f7e80e9b010392063770"
dependencies = [
 "sha1_smol",
]

[[package]]
name = "sha1_smol"
version = "1.0.0"
source = "registry+https://github.com/rust-lang/crates.io-index"
checksum = "ae1a47186c03a32177042e55dbc5fd5aee900b8e0069a8d70fba96a9375cd012"

[[package]]
name = "sled"
version = "0.34.7"
source = "registry+https://github.com/rust-lang/crates.io-index"
checksum = "7f96b4737c2ce5987354855aed3797279def4ebf734436c6aa4552cf8e169935"
dependencies = [
 "crc32fast",
 "crossbeam-epoch",
 "crossbeam-utils",
 "fs2",
 "fxhash",
 "libc",
 "log",
 "parking_lot",
]

[[package]]
name = "smallvec"
version = "1.8.0"
source = "registry+https://github.com/rust-lang/crates.io-index"
checksum = "f2dd574626839106c320a323308629dcb1acfc96e32a8cba364ddc61ac23ee83"

[[package]]
name = "uuid"
version = "0.8.2"
source = "registry+https://github.com/rust-lang/crates.io-index"
checksum = "bc5cf98d8186244414c848017f0e2676b3fcb46807f6668a97dfe67359a3c4b7"
dependencies = [
 "serde",
 "sha1",
]

[[package]]
name = "winapi"
version = "0.3.9"
source = "registry+https://github.com/rust-lang/crates.io-index"
checksum = "5c839a674fcd7a98952e593242ea400abe93992746761e38641405d28b00f419"
dependencies = [
 "winapi-i686-pc-windows-gnu",
 "winapi-x86_64-pc-windows-gnu",
]

[[package]]
name = "winapi-i686-pc-windows-gnu"
version = "0.4.0"
source = "registry+https://github.com/rust-lang/crates.io-index"
checksum = "ac3b87c63620426dd9b991e5ce0329eff545bccbbb34f3be09ff6fb6ab51b7b6"

[[package]]
name = "winapi-x86_64-pc-windows-gnu"
version = "0.4.0"
source = "registry+https://github.com/rust-lang/crates.io-index"
checksum = "712e227841d057c1ee1cd2fb22fa7e5a5461ae8e48fa2ca79ec42cfc1931183f"
